// !$*UTF8*$!
{
	archiveVersion = 1;
	classes = {
	};
	objectVersion = 50;
	objects = {

/* Begin PBXBuildFile section */
		F524358426B6CE480072A62A /* FoodFeedHeaderCell.swift in Sources */ = {isa = PBXBuildFile; fileRef = F524358326B6CE480072A62A /* FoodFeedHeaderCell.swift */; };
		F52E042526B85F4B00D96258 /* NetworkManager.swift in Sources */ = {isa = PBXBuildFile; fileRef = F52E042426B85F4B00D96258 /* NetworkManager.swift */; };
		F52E042826B8607C00D96258 /* Category.swift in Sources */ = {isa = PBXBuildFile; fileRef = F52E042726B8607C00D96258 /* Category.swift */; };
		F52E042B26B8657700D96258 /* Data+.swift in Sources */ = {isa = PBXBuildFile; fileRef = F52E042A26B8657700D96258 /* Data+.swift */; };
		F52E042D26B8658F00D96258 /* UIImage+Cache.swift in Sources */ = {isa = PBXBuildFile; fileRef = F52E042C26B8658F00D96258 /* UIImage+Cache.swift */; };
		F52E042F26B866FC00D96258 /* Extension_LayoutAnchors.swift in Sources */ = {isa = PBXBuildFile; fileRef = F52E042E26B866FC00D96258 /* Extension_LayoutAnchors.swift */; };
		F52E043126B8672300D96258 /* FoodCategoryCell.swift in Sources */ = {isa = PBXBuildFile; fileRef = F52E043026B8672300D96258 /* FoodCategoryCell.swift */; };
		F52E043326B86A1000D96258 /* FoodShowcaseCell.swift in Sources */ = {isa = PBXBuildFile; fileRef = F52E043226B86A1000D96258 /* FoodShowcaseCell.swift */; };
		F52E043526B86B1500D96258 /* Meal.swift in Sources */ = {isa = PBXBuildFile; fileRef = F52E043426B86B1500D96258 /* Meal.swift */; };
		F5CB713826B6F6A20037C4ED /* ReusableView.swift in Sources */ = {isa = PBXBuildFile; fileRef = F5CB713726B6F6A20037C4ED /* ReusableView.swift */; };
		F5E39D7326B6C17C002B3302 /* AppDelegate.swift in Sources */ = {isa = PBXBuildFile; fileRef = F5E39D7226B6C17C002B3302 /* AppDelegate.swift */; };
		F5E39D7526B6C17C002B3302 /* SceneDelegate.swift in Sources */ = {isa = PBXBuildFile; fileRef = F5E39D7426B6C17C002B3302 /* SceneDelegate.swift */; };
		F5E39D7D26B6C17C002B3302 /* Foodlink.xcdatamodeld in Sources */ = {isa = PBXBuildFile; fileRef = F5E39D7B26B6C17C002B3302 /* Foodlink.xcdatamodeld */; };
		F5E39D7F26B6C17D002B3302 /* Assets.xcassets in Resources */ = {isa = PBXBuildFile; fileRef = F5E39D7E26B6C17D002B3302 /* Assets.xcassets */; };
		F5E39D8226B6C17D002B3302 /* LaunchScreen.storyboard in Resources */ = {isa = PBXBuildFile; fileRef = F5E39D8026B6C17D002B3302 /* LaunchScreen.storyboard */; };
		F5E39D8C26B6C1BF002B3302 /* MainTabBarController.swift in Sources */ = {isa = PBXBuildFile; fileRef = F5E39D8B26B6C1BF002B3302 /* MainTabBarController.swift */; };
		F5E39D9426B6C4A5002B3302 /* FoodFeedController.swift in Sources */ = {isa = PBXBuildFile; fileRef = F5E39D9326B6C4A5002B3302 /* FoodFeedController.swift */; };
		F5E39D9726B6C955002B3302 /* FoodFeedLayout.swift in Sources */ = {isa = PBXBuildFile; fileRef = F5E39D9626B6C955002B3302 /* FoodFeedLayout.swift */; };
/* End PBXBuildFile section */

/* Begin PBXFileReference section */
		F524358326B6CE480072A62A /* FoodFeedHeaderCell.swift */ = {isa = PBXFileReference; lastKnownFileType = sourcecode.swift; path = FoodFeedHeaderCell.swift; sourceTree = "<group>"; };
		F52E042426B85F4B00D96258 /* NetworkManager.swift */ = {isa = PBXFileReference; lastKnownFileType = sourcecode.swift; name = NetworkManager.swift; path = "../../../../../OneDrive - University of Southampton/Southampton/NetworkManager.swift"; sourceTree = "<group>"; };
		F52E042726B8607C00D96258 /* Category.swift */ = {isa = PBXFileReference; lastKnownFileType = sourcecode.swift; path = Category.swift; sourceTree = "<group>"; };
		F52E042A26B8657700D96258 /* Data+.swift */ = {isa = PBXFileReference; lastKnownFileType = sourcecode.swift; path = "Data+.swift"; sourceTree = "<group>"; };
		F52E042C26B8658F00D96258 /* UIImage+Cache.swift */ = {isa = PBXFileReference; lastKnownFileType = sourcecode.swift; path = "UIImage+Cache.swift"; sourceTree = "<group>"; };
		F52E042E26B866FC00D96258 /* Extension_LayoutAnchors.swift */ = {isa = PBXFileReference; fileEncoding = 4; lastKnownFileType = sourcecode.swift; path = Extension_LayoutAnchors.swift; sourceTree = "<group>"; };
		F52E043026B8672300D96258 /* FoodCategoryCell.swift */ = {isa = PBXFileReference; lastKnownFileType = sourcecode.swift; path = FoodCategoryCell.swift; sourceTree = "<group>"; };
		F52E043226B86A1000D96258 /* FoodShowcaseCell.swift */ = {isa = PBXFileReference; lastKnownFileType = sourcecode.swift; path = FoodShowcaseCell.swift; sourceTree = "<group>"; };
		F52E043426B86B1500D96258 /* Meal.swift */ = {isa = PBXFileReference; lastKnownFileType = sourcecode.swift; path = Meal.swift; sourceTree = "<group>"; };
		F5CB713726B6F6A20037C4ED /* ReusableView.swift */ = {isa = PBXFileReference; lastKnownFileType = sourcecode.swift; path = ReusableView.swift; sourceTree = "<group>"; };
		F5E39D6F26B6C17C002B3302 /* Foodlink.app */ = {isa = PBXFileReference; explicitFileType = wrapper.application; includeInIndex = 0; path = Foodlink.app; sourceTree = BUILT_PRODUCTS_DIR; };
		F5E39D7226B6C17C002B3302 /* AppDelegate.swift */ = {isa = PBXFileReference; lastKnownFileType = sourcecode.swift; path = AppDelegate.swift; sourceTree = "<group>"; };
		F5E39D7426B6C17C002B3302 /* SceneDelegate.swift */ = {isa = PBXFileReference; lastKnownFileType = sourcecode.swift; path = SceneDelegate.swift; sourceTree = "<group>"; };
		F5E39D7C26B6C17C002B3302 /* Foodlink.xcdatamodel */ = {isa = PBXFileReference; lastKnownFileType = wrapper.xcdatamodel; path = Foodlink.xcdatamodel; sourceTree = "<group>"; };
		F5E39D7E26B6C17D002B3302 /* Assets.xcassets */ = {isa = PBXFileReference; lastKnownFileType = folder.assetcatalog; path = Assets.xcassets; sourceTree = "<group>"; };
		F5E39D8126B6C17D002B3302 /* Base */ = {isa = PBXFileReference; lastKnownFileType = file.storyboard; name = Base; path = Base.lproj/LaunchScreen.storyboard; sourceTree = "<group>"; };
		F5E39D8326B6C17D002B3302 /* Info.plist */ = {isa = PBXFileReference; lastKnownFileType = text.plist.xml; path = Info.plist; sourceTree = "<group>"; };
		F5E39D8B26B6C1BF002B3302 /* MainTabBarController.swift */ = {isa = PBXFileReference; lastKnownFileType = sourcecode.swift; path = MainTabBarController.swift; sourceTree = "<group>"; };
		F5E39D9326B6C4A5002B3302 /* FoodFeedController.swift */ = {isa = PBXFileReference; lastKnownFileType = sourcecode.swift; path = FoodFeedController.swift; sourceTree = "<group>"; };
		F5E39D9626B6C955002B3302 /* FoodFeedLayout.swift */ = {isa = PBXFileReference; lastKnownFileType = sourcecode.swift; path = FoodFeedLayout.swift; sourceTree = "<group>"; };
/* End PBXFileReference section */

/* Begin PBXFrameworksBuildPhase section */
		F5E39D6C26B6C17C002B3302 /* Frameworks */ = {
			isa = PBXFrameworksBuildPhase;
			buildActionMask = 2147483647;
			files = (
			);
			runOnlyForDeploymentPostprocessing = 0;
		};
/* End PBXFrameworksBuildPhase section */

/* Begin PBXGroup section */
		F52E042326B85F3500D96258 /* Networking */ = {
			isa = PBXGroup;
			children = (
				F52E042426B85F4B00D96258 /* NetworkManager.swift */,
			);
			path = Networking;
			sourceTree = "<group>";
		};
		F52E042626B8606A00D96258 /* Model */ = {
			isa = PBXGroup;
			children = (
				F52E042726B8607C00D96258 /* Category.swift */,
				F52E043426B86B1500D96258 /* Meal.swift */,
			);
			path = Model;
			sourceTree = "<group>";
		};
		F52E042926B8656700D96258 /* Extensions */ = {
			isa = PBXGroup;
			children = (
				F52E042E26B866FC00D96258 /* Extension_LayoutAnchors.swift */,
				F52E042A26B8657700D96258 /* Data+.swift */,
				F52E042C26B8658F00D96258 /* UIImage+Cache.swift */,
			);
			path = Extensions;
			sourceTree = "<group>";
		};
		F5CB713626B6F6900037C4ED /* Protocols */ = {
			isa = PBXGroup;
			children = (
				F5CB713726B6F6A20037C4ED /* ReusableView.swift */,
			);
			path = Protocols;
			sourceTree = "<group>";
		};
		F5E39D6626B6C17C002B3302 = {
			isa = PBXGroup;
			children = (
				F5E39D7126B6C17C002B3302 /* Foodlink */,
				F5E39D7026B6C17C002B3302 /* Products */,
			);
			sourceTree = "<group>";
		};
		F5E39D7026B6C17C002B3302 /* Products */ = {
			isa = PBXGroup;
			children = (
				F5E39D6F26B6C17C002B3302 /* Foodlink.app */,
			);
			name = Products;
			sourceTree = "<group>";
		};
		F5E39D7126B6C17C002B3302 /* Foodlink */ = {
			isa = PBXGroup;
			children = (
				F5E39D7226B6C17C002B3302 /* AppDelegate.swift */,
				F5E39D7426B6C17C002B3302 /* SceneDelegate.swift */,
				F5E39D8B26B6C1BF002B3302 /* MainTabBarController.swift */,
				F5E39D9026B6C468002B3302 /* Food */,
				F5E39D9126B6C46D002B3302 /* Drinks */,
				F5E39D9226B6C472002B3302 /* Cart */,
				F52E042626B8606A00D96258 /* Model */,
				F52E042326B85F3500D96258 /* Networking */,
				F5CB713626B6F6900037C4ED /* Protocols */,
				F52E042926B8656700D96258 /* Extensions */,
				F5E39D7E26B6C17D002B3302 /* Assets.xcassets */,
				F5E39D8026B6C17D002B3302 /* LaunchScreen.storyboard */,
				F5E39D8326B6C17D002B3302 /* Info.plist */,
				F5E39D7B26B6C17C002B3302 /* Foodlink.xcdatamodeld */,
			);
			path = Foodlink;
			sourceTree = "<group>";
		};
		F5E39D9026B6C468002B3302 /* Food */ = {
			isa = PBXGroup;
			children = (
				F5E39D9326B6C4A5002B3302 /* FoodFeedController.swift */,
				F5E39D9626B6C955002B3302 /* FoodFeedLayout.swift */,
				F524358326B6CE480072A62A /* FoodFeedHeaderCell.swift */,
				F52E043026B8672300D96258 /* FoodCategoryCell.swift */,
				F52E043226B86A1000D96258 /* FoodShowcaseCell.swift */,
			);
			path = Food;
			sourceTree = "<group>";
		};
		F5E39D9126B6C46D002B3302 /* Drinks */ = {
			isa = PBXGroup;
			children = (
			);
			path = Drinks;
			sourceTree = "<group>";
		};
		F5E39D9226B6C472002B3302 /* Cart */ = {
			isa = PBXGroup;
			children = (
			);
			path = Cart;
			sourceTree = "<group>";
		};
/* End PBXGroup section */

/* Begin PBXNativeTarget section */
		F5E39D6E26B6C17C002B3302 /* Foodlink */ = {
			isa = PBXNativeTarget;
			buildConfigurationList = F5E39D8626B6C17D002B3302 /* Build configuration list for PBXNativeTarget "Foodlink" */;
			buildPhases = (
				F5E39D6B26B6C17C002B3302 /* Sources */,
				F5E39D6C26B6C17C002B3302 /* Frameworks */,
				F5E39D6D26B6C17C002B3302 /* Resources */,
			);
			buildRules = (
			);
			dependencies = (
			);
			name = Foodlink;
			productName = Foodlink;
			productReference = F5E39D6F26B6C17C002B3302 /* Foodlink.app */;
			productType = "com.apple.product-type.application";
		};
/* End PBXNativeTarget section */

/* Begin PBXProject section */
		F5E39D6726B6C17C002B3302 /* Project object */ = {
			isa = PBXProject;
			attributes = {
				LastSwiftUpdateCheck = 1220;
				LastUpgradeCheck = 1220;
				TargetAttributes = {
					F5E39D6E26B6C17C002B3302 = {
						CreatedOnToolsVersion = 12.2;
					};
				};
			};
			buildConfigurationList = F5E39D6A26B6C17C002B3302 /* Build configuration list for PBXProject "Foodlink" */;
			compatibilityVersion = "Xcode 9.3";
			developmentRegion = en;
			hasScannedForEncodings = 0;
			knownRegions = (
				en,
				Base,
			);
			mainGroup = F5E39D6626B6C17C002B3302;
			productRefGroup = F5E39D7026B6C17C002B3302 /* Products */;
			projectDirPath = "";
			projectRoot = "";
			targets = (
				F5E39D6E26B6C17C002B3302 /* Foodlink */,
			);
		};
/* End PBXProject section */

/* Begin PBXResourcesBuildPhase section */
		F5E39D6D26B6C17C002B3302 /* Resources */ = {
			isa = PBXResourcesBuildPhase;
			buildActionMask = 2147483647;
			files = (
				F5E39D8226B6C17D002B3302 /* LaunchScreen.storyboard in Resources */,
				F5E39D7F26B6C17D002B3302 /* Assets.xcassets in Resources */,
			);
			runOnlyForDeploymentPostprocessing = 0;
		};
/* End PBXResourcesBuildPhase section */

/* Begin PBXSourcesBuildPhase section */
		F5E39D6B26B6C17C002B3302 /* Sources */ = {
			isa = PBXSourcesBuildPhase;
			buildActionMask = 2147483647;
			files = (
				F52E042526B85F4B00D96258 /* NetworkManager.swift in Sources */,
				F52E042826B8607C00D96258 /* Category.swift in Sources */,
				F52E043326B86A1000D96258 /* FoodShowcaseCell.swift in Sources */,
				F52E042F26B866FC00D96258 /* Extension_LayoutAnchors.swift in Sources */,
				F52E043526B86B1500D96258 /* Meal.swift in Sources */,
				F52E042D26B8658F00D96258 /* UIImage+Cache.swift in Sources */,
				F524358426B6CE480072A62A /* FoodFeedHeaderCell.swift in Sources */,
				F52E043126B8672300D96258 /* FoodCategoryCell.swift in Sources */,
				F5E39D7326B6C17C002B3302 /* AppDelegate.swift in Sources */,
				F5E39D9726B6C955002B3302 /* FoodFeedLayout.swift in Sources */,
				F5CB713826B6F6A20037C4ED /* ReusableView.swift in Sources */,
				F5E39D9426B6C4A5002B3302 /* FoodFeedController.swift in Sources */,
				F5E39D7526B6C17C002B3302 /* SceneDelegate.swift in Sources */,
				F5E39D8C26B6C1BF002B3302 /* MainTabBarController.swift in Sources */,
				F52E042B26B8657700D96258 /* Data+.swift in Sources */,
				F5E39D7D26B6C17C002B3302 /* Foodlink.xcdatamodeld in Sources */,
			);
			runOnlyForDeploymentPostprocessing = 0;
		};
/* End PBXSourcesBuildPhase section */

/* Begin PBXVariantGroup section */
		F5E39D8026B6C17D002B3302 /* LaunchScreen.storyboard */ = {
			isa = PBXVariantGroup;
			children = (
				F5E39D8126B6C17D002B3302 /* Base */,
			);
			name = LaunchScreen.storyboard;
			sourceTree = "<group>";
		};
/* End PBXVariantGroup section */

/* Begin XCBuildConfiguration section */
		F5E39D8426B6C17D002B3302 /* Debug */ = {
			isa = XCBuildConfiguration;
			buildSettings = {
				ALWAYS_SEARCH_USER_PATHS = NO;
				CLANG_ANALYZER_NONNULL = YES;
				CLANG_ANALYZER_NUMBER_OBJECT_CONVERSION = YES_AGGRESSIVE;
				CLANG_CXX_LANGUAGE_STANDARD = "gnu++14";
				CLANG_CXX_LIBRARY = "libc++";
				CLANG_ENABLE_MODULES = YES;
				CLANG_ENABLE_OBJC_ARC = YES;
				CLANG_ENABLE_OBJC_WEAK = YES;
				CLANG_WARN_BLOCK_CAPTURE_AUTORELEASING = YES;
				CLANG_WARN_BOOL_CONVERSION = YES;
				CLANG_WARN_COMMA = YES;
				CLANG_WARN_CONSTANT_CONVERSION = YES;
				CLANG_WARN_DEPRECATED_OBJC_IMPLEMENTATIONS = YES;
				CLANG_WARN_DIRECT_OBJC_ISA_USAGE = YES_ERROR;
				CLANG_WARN_DOCUMENTATION_COMMENTS = YES;
				CLANG_WARN_EMPTY_BODY = YES;
				CLANG_WARN_ENUM_CONVERSION = YES;
				CLANG_WARN_INFINITE_RECURSION = YES;
				CLANG_WARN_INT_CONVERSION = YES;
				CLANG_WARN_NON_LITERAL_NULL_CONVERSION = YES;
				CLANG_WARN_OBJC_IMPLICIT_RETAIN_SELF = YES;
				CLANG_WARN_OBJC_LITERAL_CONVERSION = YES;
				CLANG_WARN_OBJC_ROOT_CLASS = YES_ERROR;
				CLANG_WARN_QUOTED_INCLUDE_IN_FRAMEWORK_HEADER = YES;
				CLANG_WARN_RANGE_LOOP_ANALYSIS = YES;
				CLANG_WARN_STRICT_PROTOTYPES = YES;
				CLANG_WARN_SUSPICIOUS_MOVE = YES;
				CLANG_WARN_UNGUARDED_AVAILABILITY = YES_AGGRESSIVE;
				CLANG_WARN_UNREACHABLE_CODE = YES;
				CLANG_WARN__DUPLICATE_METHOD_MATCH = YES;
				COPY_PHASE_STRIP = NO;
				DEBUG_INFORMATION_FORMAT = dwarf;
				ENABLE_STRICT_OBJC_MSGSEND = YES;
				ENABLE_TESTABILITY = YES;
				GCC_C_LANGUAGE_STANDARD = gnu11;
				GCC_DYNAMIC_NO_PIC = NO;
				GCC_NO_COMMON_BLOCKS = YES;
				GCC_OPTIMIZATION_LEVEL = 0;
				GCC_PREPROCESSOR_DEFINITIONS = (
					"DEBUG=1",
					"$(inherited)",
				);
				GCC_WARN_64_TO_32_BIT_CONVERSION = YES;
				GCC_WARN_ABOUT_RETURN_TYPE = YES_ERROR;
				GCC_WARN_UNDECLARED_SELECTOR = YES;
				GCC_WARN_UNINITIALIZED_AUTOS = YES_AGGRESSIVE;
				GCC_WARN_UNUSED_FUNCTION = YES;
				GCC_WARN_UNUSED_VARIABLE = YES;
				IPHONEOS_DEPLOYMENT_TARGET = 14.2;
				MTL_ENABLE_DEBUG_INFO = INCLUDE_SOURCE;
				MTL_FAST_MATH = YES;
				ONLY_ACTIVE_ARCH = YES;
				SDKROOT = iphoneos;
				SWIFT_ACTIVE_COMPILATION_CONDITIONS = DEBUG;
				SWIFT_OPTIMIZATION_LEVEL = "-Onone";
			};
			name = Debug;
		};
		F5E39D8526B6C17D002B3302 /* Release */ = {
			isa = XCBuildConfiguration;
			buildSettings = {
				ALWAYS_SEARCH_USER_PATHS = NO;
				CLANG_ANALYZER_NONNULL = YES;
				CLANG_ANALYZER_NUMBER_OBJECT_CONVERSION = YES_AGGRESSIVE;
				CLANG_CXX_LANGUAGE_STANDARD = "gnu++14";
				CLANG_CXX_LIBRARY = "libc++";
				CLANG_ENABLE_MODULES = YES;
				CLANG_ENABLE_OBJC_ARC = YES;
				CLANG_ENABLE_OBJC_WEAK = YES;
				CLANG_WARN_BLOCK_CAPTURE_AUTORELEASING = YES;
				CLANG_WARN_BOOL_CONVERSION = YES;
				CLANG_WARN_COMMA = YES;
				CLANG_WARN_CONSTANT_CONVERSION = YES;
				CLANG_WARN_DEPRECATED_OBJC_IMPLEMENTATIONS = YES;
				CLANG_WARN_DIRECT_OBJC_ISA_USAGE = YES_ERROR;
				CLANG_WARN_DOCUMENTATION_COMMENTS = YES;
				CLANG_WARN_EMPTY_BODY = YES;
				CLANG_WARN_ENUM_CONVERSION = YES;
				CLANG_WARN_INFINITE_RECURSION = YES;
				CLANG_WARN_INT_CONVERSION = YES;
				CLANG_WARN_NON_LITERAL_NULL_CONVERSION = YES;
				CLANG_WARN_OBJC_IMPLICIT_RETAIN_SELF = YES;
				CLANG_WARN_OBJC_LITERAL_CONVERSION = YES;
				CLANG_WARN_OBJC_ROOT_CLASS = YES_ERROR;
				CLANG_WARN_QUOTED_INCLUDE_IN_FRAMEWORK_HEADER = YES;
				CLANG_WARN_RANGE_LOOP_ANALYSIS = YES;
				CLANG_WARN_STRICT_PROTOTYPES = YES;
				CLANG_WARN_SUSPICIOUS_MOVE = YES;
				CLANG_WARN_UNGUARDED_AVAILABILITY = YES_AGGRESSIVE;
				CLANG_WARN_UNREACHABLE_CODE = YES;
				CLANG_WARN__DUPLICATE_METHOD_MATCH = YES;
				COPY_PHASE_STRIP = NO;
				DEBUG_INFORMATION_FORMAT = "dwarf-with-dsym";
				ENABLE_NS_ASSERTIONS = NO;
				ENABLE_STRICT_OBJC_MSGSEND = YES;
				GCC_C_LANGUAGE_STANDARD = gnu11;
				GCC_NO_COMMON_BLOCKS = YES;
				GCC_WARN_64_TO_32_BIT_CONVERSION = YES;
				GCC_WARN_ABOUT_RETURN_TYPE = YES_ERROR;
				GCC_WARN_UNDECLARED_SELECTOR = YES;
				GCC_WARN_UNINITIALIZED_AUTOS = YES_AGGRESSIVE;
				GCC_WARN_UNUSED_FUNCTION = YES;
				GCC_WARN_UNUSED_VARIABLE = YES;
				IPHONEOS_DEPLOYMENT_TARGET = 14.2;
				MTL_ENABLE_DEBUG_INFO = NO;
				MTL_FAST_MATH = YES;
				SDKROOT = iphoneos;
				SWIFT_COMPILATION_MODE = wholemodule;
				SWIFT_OPTIMIZATION_LEVEL = "-O";
				VALIDATE_PRODUCT = YES;
			};
			name = Release;
		};
		F5E39D8726B6C17D002B3302 /* Debug */ = {
			isa = XCBuildConfiguration;
			buildSettings = {
				ASSETCATALOG_COMPILER_APPICON_NAME = AppIcon;
				ASSETCATALOG_COMPILER_GLOBAL_ACCENT_COLOR_NAME = AccentColor;
				CODE_SIGN_STYLE = Automatic;
				DEVELOPMENT_TEAM = HACZ6L5C84;
				INFOPLIST_FILE = Foodlink/Info.plist;
				LD_RUNPATH_SEARCH_PATHS = (
					"$(inherited)",
					"@executable_path/Frameworks",
				);
				PRODUCT_BUNDLE_IDENTIFIER = com.andreasdemenagas.Foodlink;
				PRODUCT_NAME = "$(TARGET_NAME)";
				SWIFT_VERSION = 5.0;
				TARGETED_DEVICE_FAMILY = "1,2";
			};
			name = Debug;
		};
		F5E39D8826B6C17D002B3302 /* Release */ = {
			isa = XCBuildConfiguration;
			buildSettings = {
				ASSETCATALOG_COMPILER_APPICON_NAME = AppIcon;
				ASSETCATALOG_COMPILER_GLOBAL_ACCENT_COLOR_NAME = AccentColor;
				CODE_SIGN_STYLE = Automatic;
				DEVELOPMENT_TEAM = HACZ6L5C84;
				INFOPLIST_FILE = Foodlink/Info.plist;
				LD_RUNPATH_SEARCH_PATHS = (
					"$(inherited)",
					"@executable_path/Frameworks",
				);
				PRODUCT_BUNDLE_IDENTIFIER = com.andreasdemenagas.Foodlink;
				PRODUCT_NAME = "$(TARGET_NAME)";
				SWIFT_VERSION = 5.0;
				TARGETED_DEVICE_FAMILY = "1,2";
			};
			name = Release;
		};
/* End XCBuildConfiguration section */

/* Begin XCConfigurationList section */
		F5E39D6A26B6C17C002B3302 /* Build configuration list for PBXProject "Foodlink" */ = {
			isa = XCConfigurationList;
			buildConfigurations = (
				F5E39D8426B6C17D002B3302 /* Debug */,
				F5E39D8526B6C17D002B3302 /* Release */,
			);
			defaultConfigurationIsVisible = 0;
			defaultConfigurationName = Release;
		};
		F5E39D8626B6C17D002B3302 /* Build configuration list for PBXNativeTarget "Foodlink" */ = {
			isa = XCConfigurationList;
			buildConfigurations = (
				F5E39D8726B6C17D002B3302 /* Debug */,
				F5E39D8826B6C17D002B3302 /* Release */,
			);
			defaultConfigurationIsVisible = 0;
			defaultConfigurationName = Release;
		};
/* End XCConfigurationList section */

/* Begin XCVersionGroup section */
		F5E39D7B26B6C17C002B3302 /* Foodlink.xcdatamodeld */ = {
			isa = XCVersionGroup;
			children = (
				F5E39D7C26B6C17C002B3302 /* Foodlink.xcdatamodel */,
			);
			currentVersion = F5E39D7C26B6C17C002B3302 /* Foodlink.xcdatamodel */;
			path = Foodlink.xcdatamodeld;
			sourceTree = "<group>";
			versionGroupType = wrapper.xcdatamodel;
		};
/* End XCVersionGroup section */
	};
	rootObject = F5E39D6726B6C17C002B3302 /* Project object */;
}
